
Microsoft Visual Studio Solution File, Format Version 12.00
# Visual Studio Version 17
VisualStudioVersion = 17.5.33516.290
MinimumVisualStudioVersion = 10.0.40219.1
Project("{9A19103F-16F7-4668-BE54-9A1E7A4F7556}") = "HotelOtoSystem", "HotelOtoSystem.csproj", "{3E475220-9833-4BF8-935E-B7F5D0983DA8}"
EndProject
Project("{54435603-DBB4-11D2-8724-00A0C9A8B90C}") = "Otel Otomasyon Setup", "..\Otel Otomasyon Setup\Otel Otomasyon Setup.vdproj", "{79862FF3-82D4-4FA7-A082-6FC5E3B69DF2}"
EndProject
Global
	GlobalSection(SolutionConfigurationPlatforms) = preSolution
		Debug|Any CPU = Debug|Any CPU
		Release|Any CPU = Release|Any CPU
	EndGlobalSection
	GlobalSection(ProjectConfigurationPlatforms) = postSolution
		{3E475220-9833-4BF8-935E-B7F5D0983DA8}.Debug|Any CPU.ActiveCfg = Debug|Any CPU
		{3E475220-9833-4BF8-935E-B7F5D0983DA8}.Debug|Any CPU.Build.0 = Debug|Any CPU
		{3E475220-9833-4BF8-935E-B7F5D0983DA8}.Release|Any CPU.ActiveCfg = Release|Any CPU
		{3E475220-9833-4BF8-935E-B7F5D0983DA8}.Release|Any CPU.Build.0 = Release|Any CPU
		{79862FF3-82D4-4FA7-A082-6FC5E3B69DF2}.Debug|Any CPU.ActiveCfg = Debug
		{79862FF3-82D4-4FA7-A082-6FC5E3B69DF2}.Release|Any CPU.ActiveCfg = Release
	EndGlobalSection
	GlobalSection(SolutionProperties) = preSolution
		HideSolutionNode = FALSE
	EndGlobalSection
	GlobalSection(ExtensibilityGlobals) = postSolution
		SolutionGuid = {C3F7E2CA-72DD-4D66-845A-BFC5E9C1F305}
	EndGlobalSection
EndGlobal
